// !$*UTF8*$!
{
	archiveVersion = 1;
	classes = {
	};
	objectVersion = 51;
	objects = {

/* Begin PBXBuildFile section */
		54E134E12432AFF700751992 /* AppDelegate.swift in Sources */ = {isa = PBXBuildFile; fileRef = 54E134E02432AFF700751992 /* AppDelegate.swift */; };
		54E134E32432AFF700751992 /* SceneDelegate.swift in Sources */ = {isa = PBXBuildFile; fileRef = 54E134E22432AFF700751992 /* SceneDelegate.swift */; };
		54E134E52432AFF700751992 /* LoginViewController.swift in Sources */ = {isa = PBXBuildFile; fileRef = 54E134E42432AFF700751992 /* LoginViewController.swift */; };
		54E134E82432AFF800751992 /* Main.storyboard in Resources */ = {isa = PBXBuildFile; fileRef = 54E134E62432AFF800751992 /* Main.storyboard */; };
		54E134EA2432AFFA00751992 /* Assets.xcassets in Resources */ = {isa = PBXBuildFile; fileRef = 54E134E92432AFFA00751992 /* Assets.xcassets */; };
		54E134ED2432AFFA00751992 /* LaunchScreen.storyboard in Resources */ = {isa = PBXBuildFile; fileRef = 54E134EB2432AFFA00751992 /* LaunchScreen.storyboard */; };
		54E134F82432AFFA00751992 /* EzSubTests.swift in Sources */ = {isa = PBXBuildFile; fileRef = 54E134F72432AFFA00751992 /* EzSubTests.swift */; };
		54E135032432AFFA00751992 /* EzSubUITests.swift in Sources */ = {isa = PBXBuildFile; fileRef = 54E135022432AFFA00751992 /* EzSubUITests.swift */; };
		64C916A674A5F91AA571C700 /* Pods_EzSub_EzSubUITests.framework in Frameworks */ = {isa = PBXBuildFile; fileRef = 790FE06D3EEF1C5EC3BECA11 /* Pods_EzSub_EzSubUITests.framework */; };
		84A3539C243E8D30009742A4 /* Settings.storyboard in Resources */ = {isa = PBXBuildFile; fileRef = 84A3539B243E8D30009742A4 /* Settings.storyboard */; };
		84A3539F243E8D47009742A4 /* Subscriptions.storyboard in Resources */ = {isa = PBXBuildFile; fileRef = 84A3539D243E8D47009742A4 /* Subscriptions.storyboard */; };
		84BCADB32440F45B00BB10F2 /* SettingsViewController.swift in Sources */ = {isa = PBXBuildFile; fileRef = 84BCADB22440F45B00BB10F2 /* SettingsViewController.swift */; };
		967BB06E66CF3E008548672A /* Pods_EzSub.framework in Frameworks */ = {isa = PBXBuildFile; fileRef = 7257224AF6308969534AAAE3 /* Pods_EzSub.framework */; };
		9DB9BEE99D0FA7C81DBEE1FC /* Pods_EzSubTests.framework in Frameworks */ = {isa = PBXBuildFile; fileRef = DD0650B354C714CE74EF9634 /* Pods_EzSubTests.framework */; };
		FAA043CD243ABE9C005CCCDB /* SubscriptionListViewController.swift in Sources */ = {isa = PBXBuildFile; fileRef = FAA043CC243ABE9C005CCCDB /* SubscriptionListViewController.swift */; };
		FAA043CF243AC391005CCCDB /* SubscriptionCell.swift in Sources */ = {isa = PBXBuildFile; fileRef = FAA043CE243AC391005CCCDB /* SubscriptionCell.swift */; };
		FAA043D1243AC778005CCCDB /* AddSubscriptionViewController.swift in Sources */ = {isa = PBXBuildFile; fileRef = FAA043D0243AC778005CCCDB /* AddSubscriptionViewController.swift */; };
		FAA043D3243AC88A005CCCDB /* SubscriptionListView.swift in Sources */ = {isa = PBXBuildFile; fileRef = FAA043D2243AC88A005CCCDB /* SubscriptionListView.swift */; };
/* End PBXBuildFile section */

/* Begin PBXContainerItemProxy section */
		54E134F42432AFFA00751992 /* PBXContainerItemProxy */ = {
			isa = PBXContainerItemProxy;
			containerPortal = 54E134D52432AFF700751992 /* Project object */;
			proxyType = 1;
			remoteGlobalIDString = 54E134DC2432AFF700751992;
			remoteInfo = EzSub;
		};
		54E134FF2432AFFA00751992 /* PBXContainerItemProxy */ = {
			isa = PBXContainerItemProxy;
			containerPortal = 54E134D52432AFF700751992 /* Project object */;
			proxyType = 1;
			remoteGlobalIDString = 54E134DC2432AFF700751992;
			remoteInfo = EzSub;
		};
/* End PBXContainerItemProxy section */

/* Begin PBXFileReference section */
		2CE5C2CF917E6D32F0345D8A /* Pods-EzSubTests.release.xcconfig */ = {isa = PBXFileReference; includeInIndex = 1; lastKnownFileType = text.xcconfig; name = "Pods-EzSubTests.release.xcconfig"; path = "Target Support Files/Pods-EzSubTests/Pods-EzSubTests.release.xcconfig"; sourceTree = "<group>"; };
		5420D8D3DFCFABDE61F1323E /* Pods-EzSub.release.xcconfig */ = {isa = PBXFileReference; includeInIndex = 1; lastKnownFileType = text.xcconfig; name = "Pods-EzSub.release.xcconfig"; path = "Target Support Files/Pods-EzSub/Pods-EzSub.release.xcconfig"; sourceTree = "<group>"; };
		54E134DD2432AFF700751992 /* EzSub.app */ = {isa = PBXFileReference; explicitFileType = wrapper.application; includeInIndex = 0; path = EzSub.app; sourceTree = BUILT_PRODUCTS_DIR; };
		54E134E02432AFF700751992 /* AppDelegate.swift */ = {isa = PBXFileReference; lastKnownFileType = sourcecode.swift; path = AppDelegate.swift; sourceTree = "<group>"; };
		54E134E22432AFF700751992 /* SceneDelegate.swift */ = {isa = PBXFileReference; lastKnownFileType = sourcecode.swift; path = SceneDelegate.swift; sourceTree = "<group>"; };
		54E134E42432AFF700751992 /* LoginViewController.swift */ = {isa = PBXFileReference; lastKnownFileType = sourcecode.swift; path = LoginViewController.swift; sourceTree = "<group>"; };
		54E134E72432AFF800751992 /* Base */ = {isa = PBXFileReference; lastKnownFileType = file.storyboard; name = Base; path = Base.lproj/Main.storyboard; sourceTree = "<group>"; };
		54E134E92432AFFA00751992 /* Assets.xcassets */ = {isa = PBXFileReference; lastKnownFileType = folder.assetcatalog; path = Assets.xcassets; sourceTree = "<group>"; };
		54E134EC2432AFFA00751992 /* Base */ = {isa = PBXFileReference; lastKnownFileType = file.storyboard; name = Base; path = Base.lproj/LaunchScreen.storyboard; sourceTree = "<group>"; };
		54E134EE2432AFFA00751992 /* Info.plist */ = {isa = PBXFileReference; lastKnownFileType = text.plist.xml; path = Info.plist; sourceTree = "<group>"; };
		54E134F32432AFFA00751992 /* EzSubTests.xctest */ = {isa = PBXFileReference; explicitFileType = wrapper.cfbundle; includeInIndex = 0; path = EzSubTests.xctest; sourceTree = BUILT_PRODUCTS_DIR; };
		54E134F72432AFFA00751992 /* EzSubTests.swift */ = {isa = PBXFileReference; lastKnownFileType = sourcecode.swift; path = EzSubTests.swift; sourceTree = "<group>"; };
		54E134F92432AFFA00751992 /* Info.plist */ = {isa = PBXFileReference; lastKnownFileType = text.plist.xml; path = Info.plist; sourceTree = "<group>"; };
		54E134FE2432AFFA00751992 /* EzSubUITests.xctest */ = {isa = PBXFileReference; explicitFileType = wrapper.cfbundle; includeInIndex = 0; path = EzSubUITests.xctest; sourceTree = BUILT_PRODUCTS_DIR; };
		54E135022432AFFA00751992 /* EzSubUITests.swift */ = {isa = PBXFileReference; lastKnownFileType = sourcecode.swift; path = EzSubUITests.swift; sourceTree = "<group>"; };
		54E135042432AFFB00751992 /* Info.plist */ = {isa = PBXFileReference; lastKnownFileType = text.plist.xml; path = Info.plist; sourceTree = "<group>"; };
		662750AD700D717DA919AB46 /* Pods-EzSub.debug.xcconfig */ = {isa = PBXFileReference; includeInIndex = 1; lastKnownFileType = text.xcconfig; name = "Pods-EzSub.debug.xcconfig"; path = "Target Support Files/Pods-EzSub/Pods-EzSub.debug.xcconfig"; sourceTree = "<group>"; };
		7257224AF6308969534AAAE3 /* Pods_EzSub.framework */ = {isa = PBXFileReference; explicitFileType = wrapper.framework; includeInIndex = 0; path = Pods_EzSub.framework; sourceTree = BUILT_PRODUCTS_DIR; };
		790FE06D3EEF1C5EC3BECA11 /* Pods_EzSub_EzSubUITests.framework */ = {isa = PBXFileReference; explicitFileType = wrapper.framework; includeInIndex = 0; path = Pods_EzSub_EzSubUITests.framework; sourceTree = BUILT_PRODUCTS_DIR; };
		84A3539B243E8D30009742A4 /* Settings.storyboard */ = {isa = PBXFileReference; fileEncoding = 4; lastKnownFileType = file.storyboard; path = Settings.storyboard; sourceTree = SOURCE_ROOT; };
		84A3539E243E8D47009742A4 /* Base */ = {isa = PBXFileReference; lastKnownFileType = file.storyboard; name = Base; path = Base.lproj/Subscriptions.storyboard; sourceTree = "<group>"; };
		84BCADB22440F45B00BB10F2 /* SettingsViewController.swift */ = {isa = PBXFileReference; lastKnownFileType = sourcecode.swift; path = SettingsViewController.swift; sourceTree = "<group>"; };
		99D34DFC86CCE19DB184072E /* Pods-EzSub-EzSubUITests.debug.xcconfig */ = {isa = PBXFileReference; includeInIndex = 1; lastKnownFileType = text.xcconfig; name = "Pods-EzSub-EzSubUITests.debug.xcconfig"; path = "Target Support Files/Pods-EzSub-EzSubUITests/Pods-EzSub-EzSubUITests.debug.xcconfig"; sourceTree = "<group>"; };
		D2D7CC40518845D94F9C0A4A /* Pods-EzSub-EzSubUITests.release.xcconfig */ = {isa = PBXFileReference; includeInIndex = 1; lastKnownFileType = text.xcconfig; name = "Pods-EzSub-EzSubUITests.release.xcconfig"; path = "Target Support Files/Pods-EzSub-EzSubUITests/Pods-EzSub-EzSubUITests.release.xcconfig"; sourceTree = "<group>"; };
		DD0650B354C714CE74EF9634 /* Pods_EzSubTests.framework */ = {isa = PBXFileReference; explicitFileType = wrapper.framework; includeInIndex = 0; path = Pods_EzSubTests.framework; sourceTree = BUILT_PRODUCTS_DIR; };
		FAA043CC243ABE9C005CCCDB /* SubscriptionListViewController.swift */ = {isa = PBXFileReference; lastKnownFileType = sourcecode.swift; path = SubscriptionListViewController.swift; sourceTree = "<group>"; };
		FAA043CE243AC391005CCCDB /* SubscriptionCell.swift */ = {isa = PBXFileReference; lastKnownFileType = sourcecode.swift; path = SubscriptionCell.swift; sourceTree = "<group>"; };
		FAA043D0243AC778005CCCDB /* AddSubscriptionViewController.swift */ = {isa = PBXFileReference; lastKnownFileType = sourcecode.swift; path = AddSubscriptionViewController.swift; sourceTree = "<group>"; };
		FAA043D2243AC88A005CCCDB /* SubscriptionListView.swift */ = {isa = PBXFileReference; lastKnownFileType = sourcecode.swift; path = SubscriptionListView.swift; sourceTree = "<group>"; };
		FE95FBE4F8539D63EB16940A /* Pods-EzSubTests.debug.xcconfig */ = {isa = PBXFileReference; includeInIndex = 1; lastKnownFileType = text.xcconfig; name = "Pods-EzSubTests.debug.xcconfig"; path = "Target Support Files/Pods-EzSubTests/Pods-EzSubTests.debug.xcconfig"; sourceTree = "<group>"; };
/* End PBXFileReference section */

/* Begin PBXFrameworksBuildPhase section */
		54E134DA2432AFF700751992 /* Frameworks */ = {
			isa = PBXFrameworksBuildPhase;
			buildActionMask = 2147483647;
			files = (
				967BB06E66CF3E008548672A /* Pods_EzSub.framework in Frameworks */,
			);
			runOnlyForDeploymentPostprocessing = 0;
		};
		54E134F02432AFFA00751992 /* Frameworks */ = {
			isa = PBXFrameworksBuildPhase;
			buildActionMask = 2147483647;
			files = (
				9DB9BEE99D0FA7C81DBEE1FC /* Pods_EzSubTests.framework in Frameworks */,
			);
			runOnlyForDeploymentPostprocessing = 0;
		};
		54E134FB2432AFFA00751992 /* Frameworks */ = {
			isa = PBXFrameworksBuildPhase;
			buildActionMask = 2147483647;
			files = (
				64C916A674A5F91AA571C700 /* Pods_EzSub_EzSubUITests.framework in Frameworks */,
			);
			runOnlyForDeploymentPostprocessing = 0;
		};
/* End PBXFrameworksBuildPhase section */

/* Begin PBXGroup section */
		24307BD0261B3AFBF0B5E1C1 /* Frameworks */ = {
			isa = PBXGroup;
			children = (
				7257224AF6308969534AAAE3 /* Pods_EzSub.framework */,
				790FE06D3EEF1C5EC3BECA11 /* Pods_EzSub_EzSubUITests.framework */,
				DD0650B354C714CE74EF9634 /* Pods_EzSubTests.framework */,
			);
			name = Frameworks;
			sourceTree = "<group>";
		};
		54E134D42432AFF700751992 = {
			isa = PBXGroup;
			children = (
				54E134DF2432AFF700751992 /* EzSub */,
				54E134F62432AFFA00751992 /* EzSubTests */,
				54E135012432AFFA00751992 /* EzSubUITests */,
				54E134DE2432AFF700751992 /* Products */,
				C170398A1FEDC286CAD844F6 /* Pods */,
				24307BD0261B3AFBF0B5E1C1 /* Frameworks */,
			);
			sourceTree = "<group>";
		};
		54E134DE2432AFF700751992 /* Products */ = {
			isa = PBXGroup;
			children = (
				54E134DD2432AFF700751992 /* EzSub.app */,
				54E134F32432AFFA00751992 /* EzSubTests.xctest */,
				54E134FE2432AFFA00751992 /* EzSubUITests.xctest */,
			);
			name = Products;
			sourceTree = "<group>";
		};
		54E134DF2432AFF700751992 /* EzSub */ = {
			isa = PBXGroup;
			children = (
				84A3539D243E8D47009742A4 /* Subscriptions.storyboard */,
				84A3539B243E8D30009742A4 /* Settings.storyboard */,
				54E134E02432AFF700751992 /* AppDelegate.swift */,
				54E134E22432AFF700751992 /* SceneDelegate.swift */,
				54E134E42432AFF700751992 /* LoginViewController.swift */,
				FAA043CC243ABE9C005CCCDB /* SubscriptionListViewController.swift */,
				54E134E62432AFF800751992 /* Main.storyboard */,
				54E134E92432AFFA00751992 /* Assets.xcassets */,
				54E134EB2432AFFA00751992 /* LaunchScreen.storyboard */,
				54E134EE2432AFFA00751992 /* Info.plist */,
				FAA043CE243AC391005CCCDB /* SubscriptionCell.swift */,
				FAA043D0243AC778005CCCDB /* AddSubscriptionViewController.swift */,
				FAA043D2243AC88A005CCCDB /* SubscriptionListView.swift */,
				84BCADB22440F45B00BB10F2 /* SettingsViewController.swift */,
			);
			path = EzSub;
			sourceTree = "<group>";
		};
		54E134F62432AFFA00751992 /* EzSubTests */ = {
			isa = PBXGroup;
			children = (
				54E134F72432AFFA00751992 /* EzSubTests.swift */,
				54E134F92432AFFA00751992 /* Info.plist */,
			);
			path = EzSubTests;
			sourceTree = "<group>";
		};
		54E135012432AFFA00751992 /* EzSubUITests */ = {
			isa = PBXGroup;
			children = (
				54E135022432AFFA00751992 /* EzSubUITests.swift */,
				54E135042432AFFB00751992 /* Info.plist */,
			);
			path = EzSubUITests;
			sourceTree = "<group>";
		};
		C170398A1FEDC286CAD844F6 /* Pods */ = {
			isa = PBXGroup;
			children = (
				662750AD700D717DA919AB46 /* Pods-EzSub.debug.xcconfig */,
				5420D8D3DFCFABDE61F1323E /* Pods-EzSub.release.xcconfig */,
				99D34DFC86CCE19DB184072E /* Pods-EzSub-EzSubUITests.debug.xcconfig */,
				D2D7CC40518845D94F9C0A4A /* Pods-EzSub-EzSubUITests.release.xcconfig */,
				FE95FBE4F8539D63EB16940A /* Pods-EzSubTests.debug.xcconfig */,
				2CE5C2CF917E6D32F0345D8A /* Pods-EzSubTests.release.xcconfig */,
			);
			path = Pods;
			sourceTree = "<group>";
		};
/* End PBXGroup section */

/* Begin PBXNativeTarget section */
		54E134DC2432AFF700751992 /* EzSub */ = {
			isa = PBXNativeTarget;
			buildConfigurationList = 54E135072432AFFB00751992 /* Build configuration list for PBXNativeTarget "EzSub" */;
			buildPhases = (
				DF684BC6CC529A8610613767 /* [CP] Check Pods Manifest.lock */,
				54E134D92432AFF700751992 /* Sources */,
				54E134DA2432AFF700751992 /* Frameworks */,
				54E134DB2432AFF700751992 /* Resources */,
				F7FCA86E47982163C8601FE7 /* [CP] Embed Pods Frameworks */,
			);
			buildRules = (
			);
			dependencies = (
			);
			name = EzSub;
			productName = EzSub;
			productReference = 54E134DD2432AFF700751992 /* EzSub.app */;
			productType = "com.apple.product-type.application";
		};
		54E134F22432AFFA00751992 /* EzSubTests */ = {
			isa = PBXNativeTarget;
			buildConfigurationList = 54E1350A2432AFFB00751992 /* Build configuration list for PBXNativeTarget "EzSubTests" */;
			buildPhases = (
				F60705C94C8D861C58F9F392 /* [CP] Check Pods Manifest.lock */,
				54E134EF2432AFFA00751992 /* Sources */,
				54E134F02432AFFA00751992 /* Frameworks */,
				54E134F12432AFFA00751992 /* Resources */,
			);
			buildRules = (
			);
			dependencies = (
				54E134F52432AFFA00751992 /* PBXTargetDependency */,
			);
			name = EzSubTests;
			productName = EzSubTests;
			productReference = 54E134F32432AFFA00751992 /* EzSubTests.xctest */;
			productType = "com.apple.product-type.bundle.unit-test";
		};
		54E134FD2432AFFA00751992 /* EzSubUITests */ = {
			isa = PBXNativeTarget;
			buildConfigurationList = 54E1350D2432AFFB00751992 /* Build configuration list for PBXNativeTarget "EzSubUITests" */;
			buildPhases = (
				BA3F00C5759FEFF94FBE22E5 /* [CP] Check Pods Manifest.lock */,
				54E134FA2432AFFA00751992 /* Sources */,
				54E134FB2432AFFA00751992 /* Frameworks */,
				54E134FC2432AFFA00751992 /* Resources */,
				851E352ABEFC6E78778060B1 /* [CP] Embed Pods Frameworks */,
			);
			buildRules = (
			);
			dependencies = (
				54E135002432AFFA00751992 /* PBXTargetDependency */,
			);
			name = EzSubUITests;
			productName = EzSubUITests;
			productReference = 54E134FE2432AFFA00751992 /* EzSubUITests.xctest */;
			productType = "com.apple.product-type.bundle.ui-testing";
		};
/* End PBXNativeTarget section */

/* Begin PBXProject section */
		54E134D52432AFF700751992 /* Project object */ = {
			isa = PBXProject;
			attributes = {
				LastSwiftUpdateCheck = 1130;
				LastUpgradeCheck = 1130;
				ORGANIZATIONNAME = Terrycai;
				TargetAttributes = {
					54E134DC2432AFF700751992 = {
						CreatedOnToolsVersion = 11.3.1;
					};
					54E134F22432AFFA00751992 = {
						CreatedOnToolsVersion = 11.3.1;
						TestTargetID = 54E134DC2432AFF700751992;
					};
					54E134FD2432AFFA00751992 = {
						CreatedOnToolsVersion = 11.3.1;
						TestTargetID = 54E134DC2432AFF700751992;
					};
				};
			};
			buildConfigurationList = 54E134D82432AFF700751992 /* Build configuration list for PBXProject "EzSub" */;
			compatibilityVersion = "Xcode 9.3";
			developmentRegion = en;
			hasScannedForEncodings = 0;
			knownRegions = (
				en,
				Base,
			);
			mainGroup = 54E134D42432AFF700751992;
			productRefGroup = 54E134DE2432AFF700751992 /* Products */;
			projectDirPath = "";
			projectRoot = "";
			targets = (
				54E134DC2432AFF700751992 /* EzSub */,
				54E134F22432AFFA00751992 /* EzSubTests */,
				54E134FD2432AFFA00751992 /* EzSubUITests */,
			);
		};
/* End PBXProject section */

/* Begin PBXResourcesBuildPhase section */
		54E134DB2432AFF700751992 /* Resources */ = {
			isa = PBXResourcesBuildPhase;
			buildActionMask = 2147483647;
			files = (
				54E134ED2432AFFA00751992 /* LaunchScreen.storyboard in Resources */,
				54E134EA2432AFFA00751992 /* Assets.xcassets in Resources */,
				54E134E82432AFF800751992 /* Main.storyboard in Resources */,
				84A3539C243E8D30009742A4 /* Settings.storyboard in Resources */,
				84A3539F243E8D47009742A4 /* Subscriptions.storyboard in Resources */,
			);
			runOnlyForDeploymentPostprocessing = 0;
		};
		54E134F12432AFFA00751992 /* Resources */ = {
			isa = PBXResourcesBuildPhase;
			buildActionMask = 2147483647;
			files = (
			);
			runOnlyForDeploymentPostprocessing = 0;
		};
		54E134FC2432AFFA00751992 /* Resources */ = {
			isa = PBXResourcesBuildPhase;
			buildActionMask = 2147483647;
			files = (
			);
			runOnlyForDeploymentPostprocessing = 0;
		};
/* End PBXResourcesBuildPhase section */

/* Begin PBXShellScriptBuildPhase section */
		851E352ABEFC6E78778060B1 /* [CP] Embed Pods Frameworks */ = {
			isa = PBXShellScriptBuildPhase;
			buildActionMask = 2147483647;
			files = (
			);
			inputFileListPaths = (
				"${PODS_ROOT}/Target Support Files/Pods-EzSub-EzSubUITests/Pods-EzSub-EzSubUITests-frameworks-${CONFIGURATION}-input-files.xcfilelist",
			);
			name = "[CP] Embed Pods Frameworks";
			outputFileListPaths = (
				"${PODS_ROOT}/Target Support Files/Pods-EzSub-EzSubUITests/Pods-EzSub-EzSubUITests-frameworks-${CONFIGURATION}-output-files.xcfilelist",
			);
			runOnlyForDeploymentPostprocessing = 0;
			shellPath = /bin/sh;
			shellScript = "\"${PODS_ROOT}/Target Support Files/Pods-EzSub-EzSubUITests/Pods-EzSub-EzSubUITests-frameworks.sh\"\n";
			showEnvVarsInLog = 0;
		};
		BA3F00C5759FEFF94FBE22E5 /* [CP] Check Pods Manifest.lock */ = {
			isa = PBXShellScriptBuildPhase;
			buildActionMask = 2147483647;
			files = (
			);
			inputFileListPaths = (
			);
			inputPaths = (
				"${PODS_PODFILE_DIR_PATH}/Podfile.lock",
				"${PODS_ROOT}/Manifest.lock",
			);
			name = "[CP] Check Pods Manifest.lock";
			outputFileListPaths = (
			);
			outputPaths = (
				"$(DERIVED_FILE_DIR)/Pods-EzSub-EzSubUITests-checkManifestLockResult.txt",
			);
			runOnlyForDeploymentPostprocessing = 0;
			shellPath = /bin/sh;
			shellScript = "diff \"${PODS_PODFILE_DIR_PATH}/Podfile.lock\" \"${PODS_ROOT}/Manifest.lock\" > /dev/null\nif [ $? != 0 ] ; then\n    # print error to STDERR\n    echo \"error: The sandbox is not in sync with the Podfile.lock. Run 'pod install' or update your CocoaPods installation.\" >&2\n    exit 1\nfi\n# This output is used by Xcode 'outputs' to avoid re-running this script phase.\necho \"SUCCESS\" > \"${SCRIPT_OUTPUT_FILE_0}\"\n";
			showEnvVarsInLog = 0;
		};
		DF684BC6CC529A8610613767 /* [CP] Check Pods Manifest.lock */ = {
			isa = PBXShellScriptBuildPhase;
			buildActionMask = 2147483647;
			files = (
			);
			inputFileListPaths = (
			);
			inputPaths = (
				"${PODS_PODFILE_DIR_PATH}/Podfile.lock",
				"${PODS_ROOT}/Manifest.lock",
			);
			name = "[CP] Check Pods Manifest.lock";
			outputFileListPaths = (
			);
			outputPaths = (
				"$(DERIVED_FILE_DIR)/Pods-EzSub-checkManifestLockResult.txt",
			);
			runOnlyForDeploymentPostprocessing = 0;
			shellPath = /bin/sh;
			shellScript = "diff \"${PODS_PODFILE_DIR_PATH}/Podfile.lock\" \"${PODS_ROOT}/Manifest.lock\" > /dev/null\nif [ $? != 0 ] ; then\n    # print error to STDERR\n    echo \"error: The sandbox is not in sync with the Podfile.lock. Run 'pod install' or update your CocoaPods installation.\" >&2\n    exit 1\nfi\n# This output is used by Xcode 'outputs' to avoid re-running this script phase.\necho \"SUCCESS\" > \"${SCRIPT_OUTPUT_FILE_0}\"\n";
			showEnvVarsInLog = 0;
		};
		F60705C94C8D861C58F9F392 /* [CP] Check Pods Manifest.lock */ = {
			isa = PBXShellScriptBuildPhase;
			buildActionMask = 2147483647;
			files = (
			);
			inputFileListPaths = (
			);
			inputPaths = (
				"${PODS_PODFILE_DIR_PATH}/Podfile.lock",
				"${PODS_ROOT}/Manifest.lock",
			);
			name = "[CP] Check Pods Manifest.lock";
			outputFileListPaths = (
			);
			outputPaths = (
				"$(DERIVED_FILE_DIR)/Pods-EzSubTests-checkManifestLockResult.txt",
			);
			runOnlyForDeploymentPostprocessing = 0;
			shellPath = /bin/sh;
			shellScript = "diff \"${PODS_PODFILE_DIR_PATH}/Podfile.lock\" \"${PODS_ROOT}/Manifest.lock\" > /dev/null\nif [ $? != 0 ] ; then\n    # print error to STDERR\n    echo \"error: The sandbox is not in sync with the Podfile.lock. Run 'pod install' or update your CocoaPods installation.\" >&2\n    exit 1\nfi\n# This output is used by Xcode 'outputs' to avoid re-running this script phase.\necho \"SUCCESS\" > \"${SCRIPT_OUTPUT_FILE_0}\"\n";
			showEnvVarsInLog = 0;
		};
		F7FCA86E47982163C8601FE7 /* [CP] Embed Pods Frameworks */ = {
			isa = PBXShellScriptBuildPhase;
			buildActionMask = 2147483647;
			files = (
			);
			inputFileListPaths = (
				"${PODS_ROOT}/Target Support Files/Pods-EzSub/Pods-EzSub-frameworks-${CONFIGURATION}-input-files.xcfilelist",
			);
			name = "[CP] Embed Pods Frameworks";
			outputFileListPaths = (
				"${PODS_ROOT}/Target Support Files/Pods-EzSub/Pods-EzSub-frameworks-${CONFIGURATION}-output-files.xcfilelist",
			);
			runOnlyForDeploymentPostprocessing = 0;
			shellPath = /bin/sh;
			shellScript = "\"${PODS_ROOT}/Target Support Files/Pods-EzSub/Pods-EzSub-frameworks.sh\"\n";
			showEnvVarsInLog = 0;
		};
/* End PBXShellScriptBuildPhase section */

/* Begin PBXSourcesBuildPhase section */
		54E134D92432AFF700751992 /* Sources */ = {
			isa = PBXSourcesBuildPhase;
			buildActionMask = 2147483647;
			files = (
				FAA043D3243AC88A005CCCDB /* SubscriptionListView.swift in Sources */,
				54E134E52432AFF700751992 /* LoginViewController.swift in Sources */,
				54E134E12432AFF700751992 /* AppDelegate.swift in Sources */,
				FAA043CF243AC391005CCCDB /* SubscriptionCell.swift in Sources */,
				54E134E32432AFF700751992 /* SceneDelegate.swift in Sources */,
				FAA043CD243ABE9C005CCCDB /* SubscriptionListViewController.swift in Sources */,
				FAA043D1243AC778005CCCDB /* AddSubscriptionViewController.swift in Sources */,
				84BCADB32440F45B00BB10F2 /* SettingsViewController.swift in Sources */,
			);
			runOnlyForDeploymentPostprocessing = 0;
		};
		54E134EF2432AFFA00751992 /* Sources */ = {
			isa = PBXSourcesBuildPhase;
			buildActionMask = 2147483647;
			files = (
				54E134F82432AFFA00751992 /* EzSubTests.swift in Sources */,
			);
			runOnlyForDeploymentPostprocessing = 0;
		};
		54E134FA2432AFFA00751992 /* Sources */ = {
			isa = PBXSourcesBuildPhase;
			buildActionMask = 2147483647;
			files = (
				54E135032432AFFA00751992 /* EzSubUITests.swift in Sources */,
			);
			runOnlyForDeploymentPostprocessing = 0;
		};
/* End PBXSourcesBuildPhase section */

/* Begin PBXTargetDependency section */
		54E134F52432AFFA00751992 /* PBXTargetDependency */ = {
			isa = PBXTargetDependency;
			target = 54E134DC2432AFF700751992 /* EzSub */;
			targetProxy = 54E134F42432AFFA00751992 /* PBXContainerItemProxy */;
		};
		54E135002432AFFA00751992 /* PBXTargetDependency */ = {
			isa = PBXTargetDependency;
			target = 54E134DC2432AFF700751992 /* EzSub */;
			targetProxy = 54E134FF2432AFFA00751992 /* PBXContainerItemProxy */;
		};
/* End PBXTargetDependency section */

/* Begin PBXVariantGroup section */
		54E134E62432AFF800751992 /* Main.storyboard */ = {
			isa = PBXVariantGroup;
			children = (
				54E134E72432AFF800751992 /* Base */,
			);
			name = Main.storyboard;
			sourceTree = "<group>";
		};
		54E134EB2432AFFA00751992 /* LaunchScreen.storyboard */ = {
			isa = PBXVariantGroup;
			children = (
				54E134EC2432AFFA00751992 /* Base */,
			);
			name = LaunchScreen.storyboard;
			sourceTree = "<group>";
		};
		84A3539D243E8D47009742A4 /* Subscriptions.storyboard */ = {
			isa = PBXVariantGroup;
			children = (
				84A3539E243E8D47009742A4 /* Base */,
			);
			name = Subscriptions.storyboard;
			sourceTree = "<group>";
		};
/* End PBXVariantGroup section */

/* Begin XCBuildConfiguration section */
		54E135052432AFFB00751992 /* Debug */ = {
			isa = XCBuildConfiguration;
			buildSettings = {
				ALWAYS_SEARCH_USER_PATHS = NO;
				CLANG_ANALYZER_NONNULL = YES;
				CLANG_ANALYZER_NUMBER_OBJECT_CONVERSION = YES_AGGRESSIVE;
				CLANG_CXX_LANGUAGE_STANDARD = "gnu++14";
				CLANG_CXX_LIBRARY = "libc++";
				CLANG_ENABLE_MODULES = YES;
				CLANG_ENABLE_OBJC_ARC = YES;
				CLANG_ENABLE_OBJC_WEAK = YES;
				CLANG_WARN_BLOCK_CAPTURE_AUTORELEASING = YES;
				CLANG_WARN_BOOL_CONVERSION = YES;
				CLANG_WARN_COMMA = YES;
				CLANG_WARN_CONSTANT_CONVERSION = YES;
				CLANG_WARN_DEPRECATED_OBJC_IMPLEMENTATIONS = YES;
				CLANG_WARN_DIRECT_OBJC_ISA_USAGE = YES_ERROR;
				CLANG_WARN_DOCUMENTATION_COMMENTS = YES;
				CLANG_WARN_EMPTY_BODY = YES;
				CLANG_WARN_ENUM_CONVERSION = YES;
				CLANG_WARN_INFINITE_RECURSION = YES;
				CLANG_WARN_INT_CONVERSION = YES;
				CLANG_WARN_NON_LITERAL_NULL_CONVERSION = YES;
				CLANG_WARN_OBJC_IMPLICIT_RETAIN_SELF = YES;
				CLANG_WARN_OBJC_LITERAL_CONVERSION = YES;
				CLANG_WARN_OBJC_ROOT_CLASS = YES_ERROR;
				CLANG_WARN_RANGE_LOOP_ANALYSIS = YES;
				CLANG_WARN_STRICT_PROTOTYPES = YES;
				CLANG_WARN_SUSPICIOUS_MOVE = YES;
				CLANG_WARN_UNGUARDED_AVAILABILITY = YES_AGGRESSIVE;
				CLANG_WARN_UNREACHABLE_CODE = YES;
				CLANG_WARN__DUPLICATE_METHOD_MATCH = YES;
				COPY_PHASE_STRIP = NO;
				DEBUG_INFORMATION_FORMAT = dwarf;
				ENABLE_STRICT_OBJC_MSGSEND = YES;
				ENABLE_TESTABILITY = YES;
				GCC_C_LANGUAGE_STANDARD = gnu11;
				GCC_DYNAMIC_NO_PIC = NO;
				GCC_NO_COMMON_BLOCKS = YES;
				GCC_OPTIMIZATION_LEVEL = 0;
				GCC_PREPROCESSOR_DEFINITIONS = (
					"DEBUG=1",
					"$(inherited)",
				);
				GCC_WARN_64_TO_32_BIT_CONVERSION = YES;
				GCC_WARN_ABOUT_RETURN_TYPE = YES_ERROR;
				GCC_WARN_UNDECLARED_SELECTOR = YES;
				GCC_WARN_UNINITIALIZED_AUTOS = YES_AGGRESSIVE;
				GCC_WARN_UNUSED_FUNCTION = YES;
				GCC_WARN_UNUSED_VARIABLE = YES;
				IPHONEOS_DEPLOYMENT_TARGET = 13.2;
				MTL_ENABLE_DEBUG_INFO = INCLUDE_SOURCE;
				MTL_FAST_MATH = YES;
				ONLY_ACTIVE_ARCH = YES;
				SDKROOT = iphoneos;
				SWIFT_ACTIVE_COMPILATION_CONDITIONS = DEBUG;
				SWIFT_OPTIMIZATION_LEVEL = "-Onone";
			};
			name = Debug;
		};
		54E135062432AFFB00751992 /* Release */ = {
			isa = XCBuildConfiguration;
			buildSettings = {
				ALWAYS_SEARCH_USER_PATHS = NO;
				CLANG_ANALYZER_NONNULL = YES;
				CLANG_ANALYZER_NUMBER_OBJECT_CONVERSION = YES_AGGRESSIVE;
				CLANG_CXX_LANGUAGE_STANDARD = "gnu++14";
				CLANG_CXX_LIBRARY = "libc++";
				CLANG_ENABLE_MODULES = YES;
				CLANG_ENABLE_OBJC_ARC = YES;
				CLANG_ENABLE_OBJC_WEAK = YES;
				CLANG_WARN_BLOCK_CAPTURE_AUTORELEASING = YES;
				CLANG_WARN_BOOL_CONVERSION = YES;
				CLANG_WARN_COMMA = YES;
				CLANG_WARN_CONSTANT_CONVERSION = YES;
				CLANG_WARN_DEPRECATED_OBJC_IMPLEMENTATIONS = YES;
				CLANG_WARN_DIRECT_OBJC_ISA_USAGE = YES_ERROR;
				CLANG_WARN_DOCUMENTATION_COMMENTS = YES;
				CLANG_WARN_EMPTY_BODY = YES;
				CLANG_WARN_ENUM_CONVERSION = YES;
				CLANG_WARN_INFINITE_RECURSION = YES;
				CLANG_WARN_INT_CONVERSION = YES;
				CLANG_WARN_NON_LITERAL_NULL_CONVERSION = YES;
				CLANG_WARN_OBJC_IMPLICIT_RETAIN_SELF = YES;
				CLANG_WARN_OBJC_LITERAL_CONVERSION = YES;
				CLANG_WARN_OBJC_ROOT_CLASS = YES_ERROR;
				CLANG_WARN_RANGE_LOOP_ANALYSIS = YES;
				CLANG_WARN_STRICT_PROTOTYPES = YES;
				CLANG_WARN_SUSPICIOUS_MOVE = YES;
				CLANG_WARN_UNGUARDED_AVAILABILITY = YES_AGGRESSIVE;
				CLANG_WARN_UNREACHABLE_CODE = YES;
				CLANG_WARN__DUPLICATE_METHOD_MATCH = YES;
				COPY_PHASE_STRIP = NO;
				DEBUG_INFORMATION_FORMAT = "dwarf-with-dsym";
				ENABLE_NS_ASSERTIONS = NO;
				ENABLE_STRICT_OBJC_MSGSEND = YES;
				GCC_C_LANGUAGE_STANDARD = gnu11;
				GCC_NO_COMMON_BLOCKS = YES;
				GCC_WARN_64_TO_32_BIT_CONVERSION = YES;
				GCC_WARN_ABOUT_RETURN_TYPE = YES_ERROR;
				GCC_WARN_UNDECLARED_SELECTOR = YES;
				GCC_WARN_UNINITIALIZED_AUTOS = YES_AGGRESSIVE;
				GCC_WARN_UNUSED_FUNCTION = YES;
				GCC_WARN_UNUSED_VARIABLE = YES;
				IPHONEOS_DEPLOYMENT_TARGET = 13.2;
				MTL_ENABLE_DEBUG_INFO = NO;
				MTL_FAST_MATH = YES;
				SDKROOT = iphoneos;
				SWIFT_COMPILATION_MODE = wholemodule;
				SWIFT_OPTIMIZATION_LEVEL = "-O";
				VALIDATE_PRODUCT = YES;
			};
			name = Release;
		};
		54E135082432AFFB00751992 /* Debug */ = {
			isa = XCBuildConfiguration;
			baseConfigurationReference = 662750AD700D717DA919AB46 /* Pods-EzSub.debug.xcconfig */;
			buildSettings = {
				ASSETCATALOG_COMPILER_APPICON_NAME = AppIcon;
				CODE_SIGN_STYLE = Automatic;
				DEVELOPMENT_TEAM = 7MJ444C557;
				INFOPLIST_FILE = EzSub/Info.plist;
				LD_RUNPATH_SEARCH_PATHS = (
					"$(inherited)",
					"@executable_path/Frameworks",
				);
				PRODUCT_BUNDLE_IDENTIFIER = com.EzSub;
				PRODUCT_NAME = "$(TARGET_NAME)";
				SWIFT_VERSION = 5.0;
				TARGETED_DEVICE_FAMILY = "1,2";
			};
			name = Debug;
		};
		54E135092432AFFB00751992 /* Release */ = {
			isa = XCBuildConfiguration;
			baseConfigurationReference = 5420D8D3DFCFABDE61F1323E /* Pods-EzSub.release.xcconfig */;
			buildSettings = {
				ASSETCATALOG_COMPILER_APPICON_NAME = AppIcon;
				CODE_SIGN_STYLE = Automatic;
				DEVELOPMENT_TEAM = 7MJ444C557;
				INFOPLIST_FILE = EzSub/Info.plist;
				LD_RUNPATH_SEARCH_PATHS = (
					"$(inherited)",
					"@executable_path/Frameworks",
				);
				PRODUCT_BUNDLE_IDENTIFIER = com.EzSub;
				PRODUCT_NAME = "$(TARGET_NAME)";
				SWIFT_VERSION = 5.0;
				TARGETED_DEVICE_FAMILY = "1,2";
			};
			name = Release;
		};
		54E1350B2432AFFB00751992 /* Debug */ = {
			isa = XCBuildConfiguration;
			baseConfigurationReference = FE95FBE4F8539D63EB16940A /* Pods-EzSubTests.debug.xcconfig */;
			buildSettings = {
				ALWAYS_EMBED_SWIFT_STANDARD_LIBRARIES = YES;
				BUNDLE_LOADER = "$(TEST_HOST)";
				CODE_SIGN_STYLE = Automatic;
				DEVELOPMENT_TEAM = 7MJ444C557;
				INFOPLIST_FILE = EzSubTests/Info.plist;
				IPHONEOS_DEPLOYMENT_TARGET = 13.2;
				LD_RUNPATH_SEARCH_PATHS = (
					"$(inherited)",
					"@executable_path/Frameworks",
					"@loader_path/Frameworks",
				);
				PRODUCT_BUNDLE_IDENTIFIER = com.EzSubTests;
				PRODUCT_NAME = "$(TARGET_NAME)";
				SWIFT_VERSION = 5.0;
				TARGETED_DEVICE_FAMILY = "1,2";
				TEST_HOST = "$(BUILT_PRODUCTS_DIR)/EzSub.app/EzSub";
			};
			name = Debug;
		};
		54E1350C2432AFFB00751992 /* Release */ = {
			isa = XCBuildConfiguration;
			baseConfigurationReference = 2CE5C2CF917E6D32F0345D8A /* Pods-EzSubTests.release.xcconfig */;
			buildSettings = {
				ALWAYS_EMBED_SWIFT_STANDARD_LIBRARIES = YES;
				BUNDLE_LOADER = "$(TEST_HOST)";
				CODE_SIGN_STYLE = Automatic;
				DEVELOPMENT_TEAM = 7MJ444C557;
				INFOPLIST_FILE = EzSubTests/Info.plist;
				IPHONEOS_DEPLOYMENT_TARGET = 13.2;
				LD_RUNPATH_SEARCH_PATHS = (
					"$(inherited)",
					"@executable_path/Frameworks",
					"@loader_path/Frameworks",
				);
				PRODUCT_BUNDLE_IDENTIFIER = com.EzSubTests;
				PRODUCT_NAME = "$(TARGET_NAME)";
				SWIFT_VERSION = 5.0;
				TARGETED_DEVICE_FAMILY = "1,2";
				TEST_HOST = "$(BUILT_PRODUCTS_DIR)/EzSub.app/EzSub";
			};
			name = Release;
		};
		54E1350E2432AFFB00751992 /* Debug */ = {
			isa = XCBuildConfiguration;
			baseConfigurationReference = 99D34DFC86CCE19DB184072E /* Pods-EzSub-EzSubUITests.debug.xcconfig */;
			buildSettings = {
				ALWAYS_EMBED_SWIFT_STANDARD_LIBRARIES = YES;
				CODE_SIGN_STYLE = Automatic;
				DEVELOPMENT_TEAM = 7MJ444C557;
				INFOPLIST_FILE = EzSubUITests/Info.plist;
				LD_RUNPATH_SEARCH_PATHS = (
					"$(inherited)",
					"@executable_path/Frameworks",
					"@loader_path/Frameworks",
				);
				PRODUCT_BUNDLE_IDENTIFIER = com.EzSubUITests;
				PRODUCT_NAME = "$(TARGET_NAME)";
				SWIFT_VERSION = 5.0;
				TARGETED_DEVICE_FAMILY = "1,2";
				TEST_TARGET_NAME = EzSub;
			};
			name = Debug;
		};
		54E1350F2432AFFB00751992 /* Release */ = {
			isa = XCBuildConfiguration;
			baseConfigurationReference = D2D7CC40518845D94F9C0A4A /* Pods-EzSub-EzSubUITests.release.xcconfig */;
			buildSettings = {
				ALWAYS_EMBED_SWIFT_STANDARD_LIBRARIES = YES;
				CODE_SIGN_STYLE = Automatic;
				DEVELOPMENT_TEAM = 7MJ444C557;
				INFOPLIST_FILE = EzSubUITests/Info.plist;
				LD_RUNPATH_SEARCH_PATHS = (
					"$(inherited)",
					"@executable_path/Frameworks",
					"@loader_path/Frameworks",
				);
				PRODUCT_BUNDLE_IDENTIFIER = com.EzSubUITests;
				PRODUCT_NAME = "$(TARGET_NAME)";
				SWIFT_VERSION = 5.0;
				TARGETED_DEVICE_FAMILY = "1,2";
				TEST_TARGET_NAME = EzSub;
			};
			name = Release;
		};
/* End XCBuildConfiguration section */

/* Begin XCConfigurationList section */
		54E134D82432AFF700751992 /* Build configuration list for PBXProject "EzSub" */ = {
			isa = XCConfigurationList;
			buildConfigurations = (
				54E135052432AFFB00751992 /* Debug */,
				54E135062432AFFB00751992 /* Release */,
			);
			defaultConfigurationIsVisible = 0;
			defaultConfigurationName = Release;
		};
		54E135072432AFFB00751992 /* Build configuration list for PBXNativeTarget "EzSub" */ = {
			isa = XCConfigurationList;
			buildConfigurations = (
				54E135082432AFFB00751992 /* Debug */,
				54E135092432AFFB00751992 /* Release */,
			);
			defaultConfigurationIsVisible = 0;
			defaultConfigurationName = Release;
		};
		54E1350A2432AFFB00751992 /* Build configuration list for PBXNativeTarget "EzSubTests" */ = {
			isa = XCConfigurationList;
			buildConfigurations = (
				54E1350B2432AFFB00751992 /* Debug */,
				54E1350C2432AFFB00751992 /* Release */,
			);
			defaultConfigurationIsVisible = 0;
			defaultConfigurationName = Release;
		};
		54E1350D2432AFFB00751992 /* Build configuration list for PBXNativeTarget "EzSubUITests" */ = {
			isa = XCConfigurationList;
			buildConfigurations = (
				54E1350E2432AFFB00751992 /* Debug */,
				54E1350F2432AFFB00751992 /* Release */,
			);
			defaultConfigurationIsVisible = 0;
			defaultConfigurationName = Release;
		};
/* End XCConfigurationList section */
	};
	rootObject = 54E134D52432AFF700751992 /* Project object */;
}
